
Microsoft Visual Studio Solution File, Format Version 12.00
# Visual Studio Version 17
VisualStudioVersion = 17.2.32602.215
MinimumVisualStudioVersion = 10.0.40219.1
Project("{FAE04EC0-301F-11D3-BF4B-00C04F79EFBC}") = "Список задач №1", "Список задач №1\Список задач №1.csproj", "{1A95439F-B525-4307-BC9B-05F333F44447}"
EndProject
Global
	GlobalSection(SolutionConfigurationPlatforms) = preSolution
		Debug|Any CPU = Debug|Any CPU
		Release|Any CPU = Release|Any CPU
	EndGlobalSection
	GlobalSection(ProjectConfigurationPlatforms) = postSolution
		{1A95439F-B525-4307-BC9B-05F333F44447}.Debug|Any CPU.ActiveCfg = Debug|Any CPU
		{1A95439F-B525-4307-BC9B-05F333F44447}.Debug|Any CPU.Build.0 = Debug|Any CPU
		{1A95439F-B525-4307-BC9B-05F333F44447}.Release|Any CPU.ActiveCfg = Release|Any CPU
		{1A95439F-B525-4307-BC9B-05F333F44447}.Release|Any CPU.Build.0 = Release|Any CPU
	EndGlobalSection
	GlobalSection(SolutionProperties) = preSolution
		HideSolutionNode = FALSE
	EndGlobalSection
	GlobalSection(ExtensibilityGlobals) = postSolution
		SolutionGuid = {1F952D49-2A4E-477D-8622-D29C13DF026B}
	EndGlobalSection
EndGlobal
